{
  "nodes": {
    "baywatch": {
      "inputs": {
        "nixpkgs": [
          "nixpkgs"
        ]
      },
      "locked": {
        "lastModified": 1732283434,
        "narHash": "sha256-AKn2SQZ8cBnoO/Q2rxvocY8uYQCThBMAz2XI5JQjiP4=",
        "owner": "padok-team",
        "repo": "baywatch",
        "rev": "d4d3fb1241ef1a303862a0fde28ccedb77d1dc76",
        "type": "github"
      },
      "original": {
        "owner": "padok-team",
        "ref": "fix/sort-fzf",
        "repo": "baywatch",
        "type": "github"
      }
    },
    "flake-compat": {
      "flake": false,
      "locked": {
        "lastModified": 1696426674,
        "narHash": "sha256-kvjfFW7WAETZlt09AgDn1MrtKzP7t90Vf7vypd3OL1U=",
        "owner": "edolstra",
        "repo": "flake-compat",
        "rev": "0f9255e01c2351cc7d116c072cb317785dd33b33",
        "type": "github"
      },
      "original": {
        "owner": "edolstra",
        "repo": "flake-compat",
        "type": "github"
      }
    },
    "gitignore": {
      "inputs": {
        "nixpkgs": [
          "pre-commit-hooks",
          "nixpkgs"
        ]
      },
      "locked": {
        "lastModified": 1709087332,
        "narHash": "sha256-HG2cCnktfHsKV0s4XW83gU3F57gaTljL9KNSuG6bnQs=",
        "owner": "hercules-ci",
        "repo": "gitignore.nix",
        "rev": "637db329424fd7e46cf4185293b9cc8c88c95394",
        "type": "github"
      },
      "original": {
        "owner": "hercules-ci",
        "repo": "gitignore.nix",
        "type": "github"
      }
    },
    "home-manager": {
      "inputs": {
        "nixpkgs": [
          "nixpkgs"
        ]
      },
      "locked": {
        "lastModified": 1736013363,
        "narHash": "sha256-P4lsS2Y5GzBfC8OfXtD/xWEucX6oHGTjOzjEjEJbXfc=",
        "owner": "nix-community",
        "repo": "home-manager",
        "rev": "0d7908bd09165db6699908b7e3970f137327cbf0",
        "type": "github"
      },
      "original": {
        "owner": "nix-community",
        "repo": "home-manager",
        "type": "github"
      }
    },
    "k0s": {
      "inputs": {
        "nixpkgs": [
          "nixpkgs"
        ]
      },
      "locked": {
        "lastModified": 1730383855,
        "narHash": "sha256-iopEFyQwlg7Rj9Sza8y6i3EPPnAIw/2T7iIOiajCHXA=",
        "owner": "cterence",
        "repo": "k0s-nix",
        "rev": "4173b4c2018691c416dce4b68aef7c9ff0831c73",
        "type": "github"
      },
      "original": {
        "owner": "cterence",
        "repo": "k0s-nix",
        "type": "github"
      }
    },
    "kolide-launcher": {
      "inputs": {
        "nixpkgs": [
          "nixpkgs"
        ]
      },
      "locked": {
        "lastModified": 1733156752,
        "narHash": "sha256-zTQNU0u0eF+B7HeYAIQI3KQj8Jwd6dZ0AG1KsjEOXkA=",
        "owner": "kolide",
        "repo": "nix-agent",
        "rev": "d154b67a88e9cf8a6c10fd589afd51b299f7faca",
        "type": "github"
      },
      "original": {
        "owner": "kolide",
        "ref": "main",
        "repo": "nix-agent",
        "type": "github"
      }
    },
    "nix-index-database": {
      "inputs": {
        "nixpkgs": [
          "nixpkgs"
        ]
      },
      "locked": {
        "lastModified": 1736047960,
        "narHash": "sha256-hutd85FA1jUJhhqBRRJ+u7UHO9oFGD/RVm2x5w8WjVQ=",
        "owner": "nix-community",
        "repo": "nix-index-database",
        "rev": "816a6ae88774ba7e74314830546c29e134e0dffb",
        "type": "github"
      },
      "original": {
        "owner": "nix-community",
        "repo": "nix-index-database",
        "type": "github"
      }
    },
    "nixos-hardware": {
      "locked": {
        "lastModified": 1735388221,
        "narHash": "sha256-e5IOgjQf0SZcFCEV/gMGrsI0gCJyqOKShBQU0iiM3Kg=",
        "owner": "NixOS",
        "repo": "nixos-hardware",
        "rev": "7c674c6734f61157e321db595dbfcd8523e04e19",
        "type": "github"
      },
      "original": {
        "owner": "NixOS",
        "ref": "master",
        "repo": "nixos-hardware",
        "type": "github"
      }
    },
    "nixos-work-config": {
      "inputs": {
        "nixpkgs": [
          "nixpkgs"
        ]
      },
      "locked": {
        "lastModified": 1735823209,
        "narHash": "sha256-NWpVXiTrTp8x/MVOhL0aNK69MJBEon3RpD25Ys08vio=",
        "owner": "cterence",
        "repo": "nixos-work-config",
        "rev": "a7f91a734fcf975a6541c54a3f295f9ad18026a9",
        "type": "github"
      },
      "original": {
        "owner": "cterence",
        "repo": "nixos-work-config",
        "type": "github"
      }
    },
    "nixpkgs": {
      "locked": {
        "lastModified": 1735834308,
        "narHash": "sha256-dklw3AXr3OGO4/XT1Tu3Xz9n/we8GctZZ75ZWVqAVhk=",
        "owner": "nixos",
        "repo": "nixpkgs",
        "rev": "6df24922a1400241dae323af55f30e4318a6ca65",
        "type": "github"
      },
      "original": {
        "owner": "nixos",
        "ref": "nixos-unstable",
        "repo": "nixpkgs",
        "type": "github"
      }
    },
    "nixpkgs-dc460ec7": {
      "locked": {
        "lastModified": 1731319897,
        "narHash": "sha256-PbABj4tnbWFMfBp6OcUK5iGy1QY+/Z96ZcLpooIbuEI=",
        "owner": "nixos",
        "repo": "nixpkgs",
        "rev": "dc460ec76cbff0e66e269457d7b728432263166c",
        "type": "github"
      },
      "original": {
        "owner": "nixos",
        "repo": "nixpkgs",
        "rev": "dc460ec76cbff0e66e269457d7b728432263166c",
        "type": "github"
      }
    },
    "plasma-manager": {
      "inputs": {
        "home-manager": [
          "home-manager"
        ],
        "nixpkgs": [
          "nixpkgs"
        ]
      },
      "locked": {
        "lastModified": 1735049224,
        "narHash": "sha256-fWUd9kyXdepphJ7cCzOsuSo7l0kbFCkUqfgKqZyFZzE=",
        "owner": "nix-community",
        "repo": "plasma-manager",
        "rev": "d16bbded0ae452bc088489e7dca3ef58d8d1830b",
        "type": "github"
      },
      "original": {
        "owner": "nix-community",
        "repo": "plasma-manager",
        "type": "github"
      }
    },
    "pre-commit-hooks": {
      "inputs": {
        "flake-compat": "flake-compat",
        "gitignore": "gitignore",
        "nixpkgs": [
          "nixpkgs"
        ]
      },
      "locked": {
        "lastModified": 1735882644,
        "narHash": "sha256-3FZAG+pGt3OElQjesCAWeMkQ7C/nB1oTHLRQ8ceP110=",
        "owner": "cachix",
        "repo": "git-hooks.nix",
        "rev": "a5a961387e75ae44cc20f0a57ae463da5e959656",
        "type": "github"
      },
      "original": {
        "owner": "cachix",
        "repo": "git-hooks.nix",
        "type": "github"
      }
    },
    "root": {
      "inputs": {
        "baywatch": "baywatch",
        "home-manager": "home-manager",
        "k0s": "k0s",
        "kolide-launcher": "kolide-launcher",
        "nix-index-database": "nix-index-database",
        "nixos-hardware": "nixos-hardware",
        "nixos-work-config": "nixos-work-config",
        "nixpkgs": "nixpkgs",
        "nixpkgs-dc460ec7": "nixpkgs-dc460ec7",
        "plasma-manager": "plasma-manager",
        "pre-commit-hooks": "pre-commit-hooks",
        "sops-nix": "sops-nix"
      }
    },
    "sops-nix": {
      "inputs": {
        "nixpkgs": [
          "nixpkgs"
        ]
      },
      "locked": {
        "lastModified": 1735844895,
        "narHash": "sha256-CIRlqX9tBK2awJkmVu2cKuap/0QziDXStQZ/u/+e8Z4=",
        "owner": "Mic92",
        "repo": "sops-nix",
        "rev": "24d89184adf76d7ccc99e659dc5f3838efb5ee32",
        "type": "github"
      },
      "original": {
        "owner": "Mic92",
        "repo": "sops-nix",
        "type": "github"
      }
    }
  },
  "root": "root",
  "version": 7
}
