{
  "nodes": {
    "flake-compat": {
      "flake": false,
      "locked": {
        "lastModified": 1696426674,
        "narHash": "sha256-kvjfFW7WAETZlt09AgDn1MrtKzP7t90Vf7vypd3OL1U=",
        "owner": "edolstra",
        "repo": "flake-compat",
        "rev": "0f9255e01c2351cc7d116c072cb317785dd33b33",
        "type": "github"
      },
      "original": {
        "owner": "edolstra",
        "repo": "flake-compat",
        "type": "github"
      }
    },
    "gitignore": {
      "inputs": {
        "nixpkgs": [
          "pre-commit-hooks",
          "nixpkgs"
        ]
      },
      "locked": {
        "lastModified": 1709087332,
        "narHash": "sha256-HG2cCnktfHsKV0s4XW83gU3F57gaTljL9KNSuG6bnQs=",
        "owner": "hercules-ci",
        "repo": "gitignore.nix",
        "rev": "637db329424fd7e46cf4185293b9cc8c88c95394",
        "type": "github"
      },
      "original": {
        "owner": "hercules-ci",
        "repo": "gitignore.nix",
        "type": "github"
      }
    },
    "home-manager": {
      "inputs": {
        "nixpkgs": [
          "nixpkgs"
        ]
      },
      "locked": {
        "lastModified": 1747978958,
        "narHash": "sha256-pQQnbxWpY3IiZqgelXHIe/OAE/Yv4NSQq7fch7M6nXQ=",
        "owner": "nix-community",
        "repo": "home-manager",
        "rev": "7419250703fd5eb50e99bdfb07a86671939103ea",
        "type": "github"
      },
      "original": {
        "owner": "nix-community",
        "repo": "home-manager",
        "type": "github"
      }
    },
    "k0s": {
      "inputs": {
        "nixpkgs": [
          "nixpkgs"
        ]
      },
      "locked": {
        "lastModified": 1743884469,
        "narHash": "sha256-hcmHduOuIeQIRy0JFZYs3PgXyebmEGc0AdOoygMMa60=",
        "owner": "johbo",
        "repo": "k0s-nix",
        "rev": "2c38cb749259cd1c21da86f5dd3f57ac595485ad",
        "type": "github"
      },
      "original": {
        "owner": "johbo",
        "repo": "k0s-nix",
        "rev": "2c38cb749259cd1c21da86f5dd3f57ac595485ad",
        "type": "github"
      }
    },
    "nix-index-database": {
      "inputs": {
        "nixpkgs": [
          "nixpkgs"
        ]
      },
      "locked": {
        "lastModified": 1747540584,
        "narHash": "sha256-cxCQ413JTUuRv9Ygd8DABJ1D6kuB/nTfQqC0Lu9C0ls=",
        "owner": "nix-community",
        "repo": "nix-index-database",
        "rev": "ec179dd13fb7b4c6844f55be91436f7857226dce",
        "type": "github"
      },
      "original": {
        "owner": "nix-community",
        "repo": "nix-index-database",
        "type": "github"
      }
    },
    "nixos-hardware": {
      "locked": {
        "lastModified": 1747900541,
        "narHash": "sha256-dn64Pg9xLETjblwZs9Euu/SsjW80pd6lr5qSiyLY1pg=",
        "owner": "NixOS",
        "repo": "nixos-hardware",
        "rev": "11f2d9ea49c3e964315215d6baa73a8d42672f06",
        "type": "github"
      },
      "original": {
        "owner": "NixOS",
        "ref": "master",
        "repo": "nixos-hardware",
        "type": "github"
      }
    },
    "nixpkgs": {
      "locked": {
        "lastModified": 1747744144,
        "narHash": "sha256-W7lqHp0qZiENCDwUZ5EX/lNhxjMdNapFnbErcbnP11Q=",
        "owner": "nixos",
        "repo": "nixpkgs",
        "rev": "2795c506fe8fb7b03c36ccb51f75b6df0ab2553f",
        "type": "github"
      },
      "original": {
        "owner": "nixos",
        "ref": "nixos-unstable",
        "repo": "nixpkgs",
        "type": "github"
      }
    },
    "nixpkgs-gcloud-511": {
      "locked": {
        "lastModified": 1740060455,
        "narHash": "sha256-20+cGyvpuu9ojP3qbXbxKklEbR7CsPNewTGpZ0VsMPc=",
        "owner": "nixos",
        "repo": "nixpkgs",
        "rev": "7d1a1590911cb3a8a1d3a906f78235d63b910d62",
        "type": "github"
      },
      "original": {
        "owner": "nixos",
        "repo": "nixpkgs",
        "rev": "7d1a1590911cb3a8a1d3a906f78235d63b910d62",
        "type": "github"
      }
    },
    "nixpkgs-vlc3-0-20": {
      "locked": {
        "lastModified": 1718176989,
        "narHash": "sha256-fr3i5FygdK5wHK2uFKy6zz60rAtCRWcSivX5ujw+GbQ=",
        "owner": "nixos",
        "repo": "nixpkgs",
        "rev": "62b3c73a4e0e9ddc92de1c165492fce00c5027c4",
        "type": "github"
      },
      "original": {
        "owner": "nixos",
        "repo": "nixpkgs",
        "rev": "62b3c73a4e0e9ddc92de1c165492fce00c5027c4",
        "type": "github"
      }
    },
    "plasma-manager": {
      "inputs": {
        "home-manager": [
          "home-manager"
        ],
        "nixpkgs": [
          "nixpkgs"
        ]
      },
      "locked": {
        "lastModified": 1742765550,
        "narHash": "sha256-2vVIh2JrL6GAGfgCeY9e6iNKrBjs0Hw3bGQEAbwVs68=",
        "owner": "nix-community",
        "repo": "plasma-manager",
        "rev": "b70be387276e632fe51232887f9e04e2b6ef8c16",
        "type": "github"
      },
      "original": {
        "owner": "nix-community",
        "repo": "plasma-manager",
        "type": "github"
      }
    },
    "pre-commit-hooks": {
      "inputs": {
        "flake-compat": "flake-compat",
        "gitignore": "gitignore",
        "nixpkgs": [
          "nixpkgs"
        ]
      },
      "locked": {
        "lastModified": 1747372754,
        "narHash": "sha256-2Y53NGIX2vxfie1rOW0Qb86vjRZ7ngizoo+bnXU9D9k=",
        "owner": "cachix",
        "repo": "git-hooks.nix",
        "rev": "80479b6ec16fefd9c1db3ea13aeb038c60530f46",
        "type": "github"
      },
      "original": {
        "owner": "cachix",
        "repo": "git-hooks.nix",
        "type": "github"
      }
    },
    "root": {
      "inputs": {
        "home-manager": "home-manager",
        "k0s": "k0s",
        "nix-index-database": "nix-index-database",
        "nixos-hardware": "nixos-hardware",
        "nixpkgs": "nixpkgs",
        "nixpkgs-gcloud-511": "nixpkgs-gcloud-511",
        "nixpkgs-vlc3-0-20": "nixpkgs-vlc3-0-20",
        "plasma-manager": "plasma-manager",
        "pre-commit-hooks": "pre-commit-hooks",
        "sops-nix": "sops-nix"
      }
    },
    "sops-nix": {
      "inputs": {
        "nixpkgs": [
          "nixpkgs"
        ]
      },
      "locked": {
        "lastModified": 1747603214,
        "narHash": "sha256-lAblXm0VwifYCJ/ILPXJwlz0qNY07DDYdLD+9H+Wc8o=",
        "owner": "Mic92",
        "repo": "sops-nix",
        "rev": "8d215e1c981be3aa37e47aeabd4e61bb069548fd",
        "type": "github"
      },
      "original": {
        "owner": "Mic92",
        "repo": "sops-nix",
        "type": "github"
      }
    }
  },
  "root": "root",
  "version": 7
}
